
Microsoft Visual Studio Solution File, Format Version 12.00
# Visual Studio Version 16
VisualStudioVersion = 16.0.28803.202
MinimumVisualStudioVersion = 10.0.40219.1
Project("{FAE04EC0-301F-11D3-BF4B-00C04F79EFBC}") = "SMTMornitor", "SMTMornitor\SMTMornitor.csproj", "{671D8DAF-4076-4214-94C9-3D8D295EA9ED}"
EndProject
Global
	GlobalSection(SolutionConfigurationPlatforms) = preSolution
		Debug|Any CPU = Debug|Any CPU
		Release|Any CPU = Release|Any CPU
	EndGlobalSection
	GlobalSection(ProjectConfigurationPlatforms) = postSolution
		{671D8DAF-4076-4214-94C9-3D8D295EA9ED}.Debug|Any CPU.ActiveCfg = Debug|Any CPU
		{671D8DAF-4076-4214-94C9-3D8D295EA9ED}.Debug|Any CPU.Build.0 = Debug|Any CPU
		{671D8DAF-4076-4214-94C9-3D8D295EA9ED}.Release|Any CPU.ActiveCfg = Release|Any CPU
		{671D8DAF-4076-4214-94C9-3D8D295EA9ED}.Release|Any CPU.Build.0 = Release|Any CPU
	EndGlobalSection
	GlobalSection(SolutionProperties) = preSolution
		HideSolutionNode = FALSE
	EndGlobalSection
	GlobalSection(ExtensibilityGlobals) = postSolution
		SolutionGuid = {E5E6FA63-33F7-4A11-A419-33373CBAFA94}
	EndGlobalSection
EndGlobal
